// !$*UTF8*$!
{
	archiveVersion = 1;
	classes = {
	};
	objectVersion = 46;
	objects = {

/* Begin PBXBuildFile section */
		366C2B501D70D6670041D68C /* AppDelegate.swift in Sources */ = {isa = PBXBuildFile; fileRef = 366C2B4F1D70D6670041D68C /* AppDelegate.swift */; };
		366C2B551D70D6670041D68C /* Main.storyboard in Resources */ = {isa = PBXBuildFile; fileRef = 366C2B531D70D6670041D68C /* Main.storyboard */; };
		366C2B571D70D6670041D68C /* Assets.xcassets in Resources */ = {isa = PBXBuildFile; fileRef = 366C2B561D70D6670041D68C /* Assets.xcassets */; };
		366C2B5A1D70D6670041D68C /* LaunchScreen.storyboard in Resources */ = {isa = PBXBuildFile; fileRef = 366C2B581D70D6670041D68C /* LaunchScreen.storyboard */; };
		366C2B651D70D6670041D68C /* CoreBluetoothExampleTests.swift in Sources */ = {isa = PBXBuildFile; fileRef = 366C2B641D70D6670041D68C /* CoreBluetoothExampleTests.swift */; };
		62A50C801D71D246004B93AF /* Scanner.swift in Sources */ = {isa = PBXBuildFile; fileRef = 62A50C7F1D71D246004B93AF /* Scanner.swift */; };
		62E2EDA71D72355A00D0FB48 /* DeviceTableViewController.swift in Sources */ = {isa = PBXBuildFile; fileRef = 62E2EDA61D72355A00D0FB48 /* DeviceTableViewController.swift */; };
		62E2EDAA1D72398A00D0FB48 /* JSQDataSourcesKit.framework in Frameworks */ = {isa = PBXBuildFile; fileRef = 62E2EDA91D72398A00D0FB48 /* JSQDataSourcesKit.framework */; };
		62E2EDAD1D723A1A00D0FB48 /* DeviceCellViewModel.swift in Sources */ = {isa = PBXBuildFile; fileRef = 62E2EDAC1D723A1A00D0FB48 /* DeviceCellViewModel.swift */; };
		62E2EDB01D7240A300D0FB48 /* Model.xcdatamodeld in Sources */ = {isa = PBXBuildFile; fileRef = 62E2EDAE1D7240A300D0FB48 /* Model.xcdatamodeld */; };
		62E2EDB21D72450600D0FB48 /* JSQCoreDataKit.framework in Frameworks */ = {isa = PBXBuildFile; fileRef = 62E2EDB11D72450600D0FB48 /* JSQCoreDataKit.framework */; };
		62E2EDB41D7246CF00D0FB48 /* ManagedType.swift in Sources */ = {isa = PBXBuildFile; fileRef = 62E2EDB31D7246CF00D0FB48 /* ManagedType.swift */; };
		62E2EDBB1D724AE300D0FB48 /* Device.swift in Sources */ = {isa = PBXBuildFile; fileRef = 62E2EDB91D724AE300D0FB48 /* Device.swift */; };
		62E2EDBD1D72514100D0FB48 /* ScannerDelegate.swift in Sources */ = {isa = PBXBuildFile; fileRef = 62E2EDBC1D72514100D0FB48 /* ScannerDelegate.swift */; };
		62E2EDBF1D72523500D0FB48 /* ScannerController.swift in Sources */ = {isa = PBXBuildFile; fileRef = 62E2EDBE1D72523500D0FB48 /* ScannerController.swift */; };
		62E2EDC11D72539700D0FB48 /* CoordinatorType.swift in Sources */ = {isa = PBXBuildFile; fileRef = 62E2EDC01D72539700D0FB48 /* CoordinatorType.swift */; };
/* End PBXBuildFile section */

/* Begin PBXContainerItemProxy section */
		366C2B611D70D6670041D68C /* PBXContainerItemProxy */ = {
			isa = PBXContainerItemProxy;
			containerPortal = 366C2B441D70D6670041D68C /* Project object */;
			proxyType = 1;
			remoteGlobalIDString = 366C2B4B1D70D6670041D68C;
			remoteInfo = CoreBluetoothExample;
		};
/* End PBXContainerItemProxy section */

/* Begin PBXFileReference section */
		366C2B4C1D70D6670041D68C /* CoreBluetoothExample.app */ = {isa = PBXFileReference; explicitFileType = wrapper.application; includeInIndex = 0; path = CoreBluetoothExample.app; sourceTree = BUILT_PRODUCTS_DIR; };
		366C2B4F1D70D6670041D68C /* AppDelegate.swift */ = {isa = PBXFileReference; lastKnownFileType = sourcecode.swift; path = AppDelegate.swift; sourceTree = "<group>"; };
		366C2B541D70D6670041D68C /* Base */ = {isa = PBXFileReference; lastKnownFileType = file.storyboard; name = Base; path = Base.lproj/Main.storyboard; sourceTree = "<group>"; };
		366C2B561D70D6670041D68C /* Assets.xcassets */ = {isa = PBXFileReference; lastKnownFileType = folder.assetcatalog; path = Assets.xcassets; sourceTree = "<group>"; };
		366C2B591D70D6670041D68C /* Base */ = {isa = PBXFileReference; lastKnownFileType = file.storyboard; name = Base; path = Base.lproj/LaunchScreen.storyboard; sourceTree = "<group>"; };
		366C2B5B1D70D6670041D68C /* Info.plist */ = {isa = PBXFileReference; lastKnownFileType = text.plist.xml; path = Info.plist; sourceTree = "<group>"; };
		366C2B601D70D6670041D68C /* CoreBluetoothExampleTests.xctest */ = {isa = PBXFileReference; explicitFileType = wrapper.cfbundle; includeInIndex = 0; path = CoreBluetoothExampleTests.xctest; sourceTree = BUILT_PRODUCTS_DIR; };
		366C2B641D70D6670041D68C /* CoreBluetoothExampleTests.swift */ = {isa = PBXFileReference; lastKnownFileType = sourcecode.swift; path = CoreBluetoothExampleTests.swift; sourceTree = "<group>"; };
		366C2B661D70D6670041D68C /* Info.plist */ = {isa = PBXFileReference; lastKnownFileType = text.plist.xml; path = Info.plist; sourceTree = "<group>"; };
		62A50C7F1D71D246004B93AF /* Scanner.swift */ = {isa = PBXFileReference; fileEncoding = 4; lastKnownFileType = sourcecode.swift; path = Scanner.swift; sourceTree = "<group>"; };
		62E2EDA61D72355A00D0FB48 /* DeviceTableViewController.swift */ = {isa = PBXFileReference; fileEncoding = 4; lastKnownFileType = sourcecode.swift; path = DeviceTableViewController.swift; sourceTree = "<group>"; };
		62E2EDA91D72398A00D0FB48 /* JSQDataSourcesKit.framework */ = {isa = PBXFileReference; lastKnownFileType = wrapper.framework; name = JSQDataSourcesKit.framework; path = Carthage/Build/iOS/JSQDataSourcesKit.framework; sourceTree = "<group>"; };
		62E2EDAC1D723A1A00D0FB48 /* DeviceCellViewModel.swift */ = {isa = PBXFileReference; fileEncoding = 4; lastKnownFileType = sourcecode.swift; path = DeviceCellViewModel.swift; sourceTree = "<group>"; };
		62E2EDAF1D7240A300D0FB48 /* Model.xcdatamodel */ = {isa = PBXFileReference; lastKnownFileType = wrapper.xcdatamodel; path = Model.xcdatamodel; sourceTree = "<group>"; };
		62E2EDB11D72450600D0FB48 /* JSQCoreDataKit.framework */ = {isa = PBXFileReference; lastKnownFileType = wrapper.framework; name = JSQCoreDataKit.framework; path = Carthage/Build/iOS/JSQCoreDataKit.framework; sourceTree = "<group>"; };
		62E2EDB31D7246CF00D0FB48 /* ManagedType.swift */ = {isa = PBXFileReference; fileEncoding = 4; lastKnownFileType = sourcecode.swift; path = ManagedType.swift; sourceTree = "<group>"; };
		62E2EDB91D724AE300D0FB48 /* Device.swift */ = {isa = PBXFileReference; fileEncoding = 4; lastKnownFileType = sourcecode.swift; path = Device.swift; sourceTree = "<group>"; };
		62E2EDBC1D72514100D0FB48 /* ScannerDelegate.swift */ = {isa = PBXFileReference; fileEncoding = 4; lastKnownFileType = sourcecode.swift; path = ScannerDelegate.swift; sourceTree = "<group>"; };
		62E2EDBE1D72523500D0FB48 /* ScannerController.swift */ = {isa = PBXFileReference; fileEncoding = 4; lastKnownFileType = sourcecode.swift; path = ScannerController.swift; sourceTree = "<group>"; };
		62E2EDC01D72539700D0FB48 /* CoordinatorType.swift */ = {isa = PBXFileReference; fileEncoding = 4; lastKnownFileType = sourcecode.swift; path = CoordinatorType.swift; sourceTree = "<group>"; };
/* End PBXFileReference section */

/* Begin PBXFrameworksBuildPhase section */
		366C2B491D70D6670041D68C /* Frameworks */ = {
			isa = PBXFrameworksBuildPhase;
			buildActionMask = 2147483647;
			files = (
				62E2EDAA1D72398A00D0FB48 /* JSQDataSourcesKit.framework in Frameworks */,
				62E2EDB21D72450600D0FB48 /* JSQCoreDataKit.framework in Frameworks */,
			);
			runOnlyForDeploymentPostprocessing = 0;
		};
		366C2B5D1D70D6670041D68C /* Frameworks */ = {
			isa = PBXFrameworksBuildPhase;
			buildActionMask = 2147483647;
			files = (
			);
			runOnlyForDeploymentPostprocessing = 0;
		};
/* End PBXFrameworksBuildPhase section */

/* Begin PBXGroup section */
		366C2B431D70D6670041D68C = {
			isa = PBXGroup;
			children = (
				62E2EDAB1D72398D00D0FB48 /* Frameworks */,
				62A50C7E1D71D235004B93AF /* Library */,
				366C2B4D1D70D6670041D68C /* Products */,
				366C2B701D70D6AA0041D68C /* Resources */,
				366C2B4E1D70D6670041D68C /* Source */,
				366C2B711D70D6B70041D68C /* SupportFiles */,
				366C2B6F1D70D67C0041D68C /* Tests */,
			);
			indentWidth = 2;
			sourceTree = "<group>";
			tabWidth = 2;
		};
		366C2B4D1D70D6670041D68C /* Products */ = {
			isa = PBXGroup;
			children = (
				366C2B4C1D70D6670041D68C /* CoreBluetoothExample.app */,
				366C2B601D70D6670041D68C /* CoreBluetoothExampleTests.xctest */,
			);
			name = Products;
			sourceTree = "<group>";
		};
		366C2B4E1D70D6670041D68C /* Source */ = {
			isa = PBXGroup;
			children = (
				62E2EDB71D724AC600D0FB48 /* Controllers */,
				62E2EDB61D724ABE00D0FB48 /* Models */,
				366C2B4F1D70D6670041D68C /* AppDelegate.swift */,
				62E2EDAC1D723A1A00D0FB48 /* DeviceCellViewModel.swift */,
			);
			path = Source;
			sourceTree = "<group>";
		};
		366C2B6F1D70D67C0041D68C /* Tests */ = {
			isa = PBXGroup;
			children = (
				366C2B641D70D6670041D68C /* CoreBluetoothExampleTests.swift */,
				366C2B661D70D6670041D68C /* Info.plist */,
			);
			path = Tests;
			sourceTree = "<group>";
		};
		366C2B701D70D6AA0041D68C /* Resources */ = {
			isa = PBXGroup;
			children = (
				366C2B561D70D6670041D68C /* Assets.xcassets */,
				366C2B581D70D6670041D68C /* LaunchScreen.storyboard */,
				366C2B531D70D6670041D68C /* Main.storyboard */,
				62E2EDAE1D7240A300D0FB48 /* Model.xcdatamodeld */,
			);
			path = Resources;
			sourceTree = "<group>";
		};
		366C2B711D70D6B70041D68C /* SupportFiles */ = {
			isa = PBXGroup;
			children = (
				366C2B5B1D70D6670041D68C /* Info.plist */,
			);
			path = SupportFiles;
			sourceTree = "<group>";
		};
		62A50C7E1D71D235004B93AF /* Library */ = {
			isa = PBXGroup;
			children = (
				62E2EDB51D724A1800D0FB48 /* Types */,
				62A50C7F1D71D246004B93AF /* Scanner.swift */,
				62E2EDBC1D72514100D0FB48 /* ScannerDelegate.swift */,
			);
			path = Library;
			sourceTree = "<group>";
		};
		62E2EDAB1D72398D00D0FB48 /* Frameworks */ = {
			isa = PBXGroup;
			children = (
				62E2EDB11D72450600D0FB48 /* JSQCoreDataKit.framework */,
				62E2EDA91D72398A00D0FB48 /* JSQDataSourcesKit.framework */,
			);
			name = Frameworks;
			sourceTree = "<group>";
		};
		62E2EDB51D724A1800D0FB48 /* Types */ = {
			isa = PBXGroup;
			children = (
				62E2EDC01D72539700D0FB48 /* CoordinatorType.swift */,
				62E2EDB31D7246CF00D0FB48 /* ManagedType.swift */,
			);
			path = Types;
			sourceTree = "<group>";
		};
		62E2EDB61D724ABE00D0FB48 /* Models */ = {
			isa = PBXGroup;
			children = (
				62E2EDB91D724AE300D0FB48 /* Device.swift */,
			);
			path = Models;
			sourceTree = "<group>";
		};
		62E2EDB71D724AC600D0FB48 /* Controllers */ = {
			isa = PBXGroup;
			children = (
				62E2EDA61D72355A00D0FB48 /* DeviceTableViewController.swift */,
				62E2EDBE1D72523500D0FB48 /* ScannerController.swift */,
			);
			path = Controllers;
			sourceTree = "<group>";
		};
/* End PBXGroup section */

/* Begin PBXNativeTarget section */
		366C2B4B1D70D6670041D68C /* CoreBluetoothExample */ = {
			isa = PBXNativeTarget;
			buildConfigurationList = 366C2B691D70D6670041D68C /* Build configuration list for PBXNativeTarget "CoreBluetoothExample" */;
			buildPhases = (
				366C2B481D70D6670041D68C /* Sources */,
				366C2B491D70D6670041D68C /* Frameworks */,
				366C2B4A1D70D6670041D68C /* Resources */,
				62E2EDA81D72384400D0FB48 /* ShellScript */,
			);
			buildRules = (
			);
			dependencies = (
			);
			name = CoreBluetoothExample;
			productName = CoreBluetoothExample;
			productReference = 366C2B4C1D70D6670041D68C /* CoreBluetoothExample.app */;
			productType = "com.apple.product-type.application";
		};
		366C2B5F1D70D6670041D68C /* CoreBluetoothExampleTests */ = {
			isa = PBXNativeTarget;
			buildConfigurationList = 366C2B6C1D70D6670041D68C /* Build configuration list for PBXNativeTarget "CoreBluetoothExampleTests" */;
			buildPhases = (
				366C2B5C1D70D6670041D68C /* Sources */,
				366C2B5D1D70D6670041D68C /* Frameworks */,
				366C2B5E1D70D6670041D68C /* Resources */,
			);
			buildRules = (
			);
			dependencies = (
				366C2B621D70D6670041D68C /* PBXTargetDependency */,
			);
			name = CoreBluetoothExampleTests;
			productName = CoreBluetoothExampleTests;
			productReference = 366C2B601D70D6670041D68C /* CoreBluetoothExampleTests.xctest */;
			productType = "com.apple.product-type.bundle.unit-test";
		};
/* End PBXNativeTarget section */

/* Begin PBXProject section */
		366C2B441D70D6670041D68C /* Project object */ = {
			isa = PBXProject;
			attributes = {
				LastSwiftUpdateCheck = 0730;
				LastUpgradeCheck = 0730;
				ORGANIZATIONNAME = "Alexis Digital";
				TargetAttributes = {
					366C2B4B1D70D6670041D68C = {
						CreatedOnToolsVersion = 7.3.1;
					};
					366C2B5F1D70D6670041D68C = {
						CreatedOnToolsVersion = 7.3.1;
						TestTargetID = 366C2B4B1D70D6670041D68C;
					};
				};
			};
			buildConfigurationList = 366C2B471D70D6670041D68C /* Build configuration list for PBXProject "CoreBluetoothExample" */;
			compatibilityVersion = "Xcode 3.2";
			developmentRegion = English;
			hasScannedForEncodings = 0;
			knownRegions = (
				en,
				Base,
			);
			mainGroup = 366C2B431D70D6670041D68C;
			productRefGroup = 366C2B4D1D70D6670041D68C /* Products */;
			projectDirPath = "";
			projectRoot = "";
			targets = (
				366C2B4B1D70D6670041D68C /* CoreBluetoothExample */,
				366C2B5F1D70D6670041D68C /* CoreBluetoothExampleTests */,
			);
		};
/* End PBXProject section */

/* Begin PBXResourcesBuildPhase section */
		366C2B4A1D70D6670041D68C /* Resources */ = {
			isa = PBXResourcesBuildPhase;
			buildActionMask = 2147483647;
			files = (
				366C2B5A1D70D6670041D68C /* LaunchScreen.storyboard in Resources */,
				366C2B571D70D6670041D68C /* Assets.xcassets in Resources */,
				366C2B551D70D6670041D68C /* Main.storyboard in Resources */,
			);
			runOnlyForDeploymentPostprocessing = 0;
		};
		366C2B5E1D70D6670041D68C /* Resources */ = {
			isa = PBXResourcesBuildPhase;
			buildActionMask = 2147483647;
			files = (
			);
			runOnlyForDeploymentPostprocessing = 0;
		};
/* End PBXResourcesBuildPhase section */

/* Begin PBXShellScriptBuildPhase section */
		62E2EDA81D72384400D0FB48 /* ShellScript */ = {
			isa = PBXShellScriptBuildPhase;
			buildActionMask = 2147483647;
			files = (
			);
			inputPaths = (
				"$(SRCROOT)/Carthage/Build/iOS/JSQDataSourcesKit.framework",
				"$(SRCROOT)/Carthage/Build/iOS/JSQCoreDataKit.framework",
			);
			outputPaths = (
			);
			runOnlyForDeploymentPostprocessing = 0;
			shellPath = /bin/sh;
			shellScript = "/usr/local/bin/carthage copy-frameworks";
		};
/* End PBXShellScriptBuildPhase section */

/* Begin PBXSourcesBuildPhase section */
		366C2B481D70D6670041D68C /* Sources */ = {
			isa = PBXSourcesBuildPhase;
			buildActionMask = 2147483647;
			files = (
				62E2EDB41D7246CF00D0FB48 /* ManagedType.swift in Sources */,
				62E2EDAD1D723A1A00D0FB48 /* DeviceCellViewModel.swift in Sources */,
				62E2EDBF1D72523500D0FB48 /* ScannerController.swift in Sources */,
				62A50C801D71D246004B93AF /* Scanner.swift in Sources */,
				62E2EDC11D72539700D0FB48 /* CoordinatorType.swift in Sources */,
				62E2EDB01D7240A300D0FB48 /* Model.xcdatamodeld in Sources */,
				62E2EDA71D72355A00D0FB48 /* DeviceTableViewController.swift in Sources */,
				62E2EDBD1D72514100D0FB48 /* ScannerDelegate.swift in Sources */,
				366C2B501D70D6670041D68C /* AppDelegate.swift in Sources */,
				62E2EDBB1D724AE300D0FB48 /* Device.swift in Sources */,
			);
			runOnlyForDeploymentPostprocessing = 0;
		};
		366C2B5C1D70D6670041D68C /* Sources */ = {
			isa = PBXSourcesBuildPhase;
			buildActionMask = 2147483647;
			files = (
				366C2B651D70D6670041D68C /* CoreBluetoothExampleTests.swift in Sources */,
			);
			runOnlyForDeploymentPostprocessing = 0;
		};
/* End PBXSourcesBuildPhase section */

/* Begin PBXTargetDependency section */
		366C2B621D70D6670041D68C /* PBXTargetDependency */ = {
			isa = PBXTargetDependency;
			target = 366C2B4B1D70D6670041D68C /* CoreBluetoothExample */;
			targetProxy = 366C2B611D70D6670041D68C /* PBXContainerItemProxy */;
		};
/* End PBXTargetDependency section */

/* Begin PBXVariantGroup section */
		366C2B531D70D6670041D68C /* Main.storyboard */ = {
			isa = PBXVariantGroup;
			children = (
				366C2B541D70D6670041D68C /* Base */,
			);
			name = Main.storyboard;
			path = .;
			sourceTree = "<group>";
		};
		366C2B581D70D6670041D68C /* LaunchScreen.storyboard */ = {
			isa = PBXVariantGroup;
			children = (
				366C2B591D70D6670041D68C /* Base */,
			);
			name = LaunchScreen.storyboard;
			path = .;
			sourceTree = "<group>";
		};
/* End PBXVariantGroup section */

/* Begin XCBuildConfiguration section */
		366C2B671D70D6670041D68C /* Debug */ = {
			isa = XCBuildConfiguration;
			buildSettings = {
				ALWAYS_SEARCH_USER_PATHS = NO;
				CLANG_ANALYZER_NONNULL = YES;
				CLANG_CXX_LANGUAGE_STANDARD = "gnu++0x";
				CLANG_CXX_LIBRARY = "libc++";
				CLANG_ENABLE_MODULES = YES;
				CLANG_ENABLE_OBJC_ARC = YES;
				CLANG_WARN_BOOL_CONVERSION = YES;
				CLANG_WARN_CONSTANT_CONVERSION = YES;
				CLANG_WARN_DIRECT_OBJC_ISA_USAGE = YES_ERROR;
				CLANG_WARN_EMPTY_BODY = YES;
				CLANG_WARN_ENUM_CONVERSION = YES;
				CLANG_WARN_INT_CONVERSION = YES;
				CLANG_WARN_OBJC_ROOT_CLASS = YES_ERROR;
				CLANG_WARN_UNREACHABLE_CODE = YES;
				CLANG_WARN__DUPLICATE_METHOD_MATCH = YES;
				CODE_SIGN_IDENTITY = "iPhone Developer";
				"CODE_SIGN_IDENTITY[sdk=iphoneos*]" = "iPhone Developer";
				COPY_PHASE_STRIP = NO;
				DEBUG_INFORMATION_FORMAT = dwarf;
				ENABLE_STRICT_OBJC_MSGSEND = YES;
				ENABLE_TESTABILITY = YES;
				GCC_C_LANGUAGE_STANDARD = gnu99;
				GCC_DYNAMIC_NO_PIC = NO;
				GCC_NO_COMMON_BLOCKS = YES;
				GCC_OPTIMIZATION_LEVEL = 0;
				GCC_PREPROCESSOR_DEFINITIONS = (
					"DEBUG=1",
					"$(inherited)",
				);
				GCC_WARN_64_TO_32_BIT_CONVERSION = YES;
				GCC_WARN_ABOUT_RETURN_TYPE = YES_ERROR;
				GCC_WARN_UNDECLARED_SELECTOR = YES;
				GCC_WARN_UNINITIALIZED_AUTOS = YES_AGGRESSIVE;
				GCC_WARN_UNUSED_FUNCTION = YES;
				GCC_WARN_UNUSED_VARIABLE = YES;
				IPHONEOS_DEPLOYMENT_TARGET = 9.3;
				MTL_ENABLE_DEBUG_INFO = YES;
				ONLY_ACTIVE_ARCH = YES;
				SDKROOT = iphoneos;
				SWIFT_OPTIMIZATION_LEVEL = "-Onone";
				TARGETED_DEVICE_FAMILY = "1,2";
			};
			name = Debug;
		};
		366C2B681D70D6670041D68C /* Release */ = {
			isa = XCBuildConfiguration;
			buildSettings = {
				ALWAYS_SEARCH_USER_PATHS = NO;
				CLANG_ANALYZER_NONNULL = YES;
				CLANG_CXX_LANGUAGE_STANDARD = "gnu++0x";
				CLANG_CXX_LIBRARY = "libc++";
				CLANG_ENABLE_MODULES = YES;
				CLANG_ENABLE_OBJC_ARC = YES;
				CLANG_WARN_BOOL_CONVERSION = YES;
				CLANG_WARN_CONSTANT_CONVERSION = YES;
				CLANG_WARN_DIRECT_OBJC_ISA_USAGE = YES_ERROR;
				CLANG_WARN_EMPTY_BODY = YES;
				CLANG_WARN_ENUM_CONVERSION = YES;
				CLANG_WARN_INT_CONVERSION = YES;
				CLANG_WARN_OBJC_ROOT_CLASS = YES_ERROR;
				CLANG_WARN_UNREACHABLE_CODE = YES;
				CLANG_WARN__DUPLICATE_METHOD_MATCH = YES;
				CODE_SIGN_IDENTITY = "iPhone Developer";
				"CODE_SIGN_IDENTITY[sdk=iphoneos*]" = "iPhone Developer";
				COPY_PHASE_STRIP = NO;
				DEBUG_INFORMATION_FORMAT = "dwarf-with-dsym";
				ENABLE_NS_ASSERTIONS = NO;
				ENABLE_STRICT_OBJC_MSGSEND = YES;
				GCC_C_LANGUAGE_STANDARD = gnu99;
				GCC_NO_COMMON_BLOCKS = YES;
				GCC_WARN_64_TO_32_BIT_CONVERSION = YES;
				GCC_WARN_ABOUT_RETURN_TYPE = YES_ERROR;
				GCC_WARN_UNDECLARED_SELECTOR = YES;
				GCC_WARN_UNINITIALIZED_AUTOS = YES_AGGRESSIVE;
				GCC_WARN_UNUSED_FUNCTION = YES;
				GCC_WARN_UNUSED_VARIABLE = YES;
				IPHONEOS_DEPLOYMENT_TARGET = 9.3;
				MTL_ENABLE_DEBUG_INFO = NO;
				SDKROOT = iphoneos;
				TARGETED_DEVICE_FAMILY = "1,2";
				VALIDATE_PRODUCT = YES;
			};
			name = Release;
		};
		366C2B6A1D70D6670041D68C /* Debug */ = {
			isa = XCBuildConfiguration;
			buildSettings = {
				ASSETCATALOG_COMPILER_APPICON_NAME = AppIcon;
				CODE_SIGN_IDENTITY = "iPhone Developer";
				"CODE_SIGN_IDENTITY[sdk=iphoneos*]" = "iPhone Developer";
				FRAMEWORK_SEARCH_PATHS = (
					"$(inherited)",
					"$(PROJECT_DIR)/Carthage/Build/iOS",
				);
				INFOPLIST_FILE = "$(SRCROOT)/SupportFiles/Info.plist";
				IPHONEOS_DEPLOYMENT_TARGET = 9.0;
				LD_RUNPATH_SEARCH_PATHS = "$(inherited) @executable_path/Frameworks";
				PRODUCT_BUNDLE_IDENTIFIER = com.alexisdigital.CoreBluetoothExample;
				PRODUCT_NAME = "$(TARGET_NAME)";
				PROVISIONING_PROFILE = "";
			};
			name = Debug;
		};
		366C2B6B1D70D6670041D68C /* Release */ = {
			isa = XCBuildConfiguration;
			buildSettings = {
				ASSETCATALOG_COMPILER_APPICON_NAME = AppIcon;
				CODE_SIGN_IDENTITY = "iPhone Developer";
				"CODE_SIGN_IDENTITY[sdk=iphoneos*]" = "iPhone Developer";
				FRAMEWORK_SEARCH_PATHS = (
					"$(inherited)",
					"$(PROJECT_DIR)/Carthage/Build/iOS",
				);
				INFOPLIST_FILE = "$(SRCROOT)/SupportFiles/Info.plist";
				IPHONEOS_DEPLOYMENT_TARGET = 9.0;
				LD_RUNPATH_SEARCH_PATHS = "$(inherited) @executable_path/Frameworks";
				PRODUCT_BUNDLE_IDENTIFIER = com.alexisdigital.CoreBluetoothExample;
				PRODUCT_NAME = "$(TARGET_NAME)";
				PROVISIONING_PROFILE = "";
			};
			name = Release;
		};
		366C2B6D1D70D6670041D68C /* Debug */ = {
			isa = XCBuildConfiguration;
			buildSettings = {
				BUNDLE_LOADER = "$(TEST_HOST)";
				INFOPLIST_FILE = CoreBluetoothExampleTests/Info.plist;
				LD_RUNPATH_SEARCH_PATHS = "$(inherited) @executable_path/Frameworks @loader_path/Frameworks";
				PRODUCT_BUNDLE_IDENTIFIER = com.alexisdigital.CoreBluetoothExampleTests;
				PRODUCT_NAME = "$(TARGET_NAME)";
				TEST_HOST = "$(BUILT_PRODUCTS_DIR)/CoreBluetoothExample.app/CoreBluetoothExample";
			};
			name = Debug;
		};
		366C2B6E1D70D6670041D68C /* Release */ = {
			isa = XCBuildConfiguration;
			buildSettings = {
				BUNDLE_LOADER = "$(TEST_HOST)";
				INFOPLIST_FILE = CoreBluetoothExampleTests/Info.plist;
				LD_RUNPATH_SEARCH_PATHS = "$(inherited) @executable_path/Frameworks @loader_path/Frameworks";
				PRODUCT_BUNDLE_IDENTIFIER = com.alexisdigital.CoreBluetoothExampleTests;
				PRODUCT_NAME = "$(TARGET_NAME)";
				TEST_HOST = "$(BUILT_PRODUCTS_DIR)/CoreBluetoothExample.app/CoreBluetoothExample";
			};
			name = Release;
		};
/* End XCBuildConfiguration section */

/* Begin XCConfigurationList section */
		366C2B471D70D6670041D68C /* Build configuration list for PBXProject "CoreBluetoothExample" */ = {
			isa = XCConfigurationList;
			buildConfigurations = (
				366C2B671D70D6670041D68C /* Debug */,
				366C2B681D70D6670041D68C /* Release */,
			);
			defaultConfigurationIsVisible = 0;
			defaultConfigurationName = Release;
		};
		366C2B691D70D6670041D68C /* Build configuration list for PBXNativeTarget "CoreBluetoothExample" */ = {
			isa = XCConfigurationList;
			buildConfigurations = (
				366C2B6A1D70D6670041D68C /* Debug */,
				366C2B6B1D70D6670041D68C /* Release */,
			);
			defaultConfigurationIsVisible = 0;
			defaultConfigurationName = Release;
		};
		366C2B6C1D70D6670041D68C /* Build configuration list for PBXNativeTarget "CoreBluetoothExampleTests" */ = {
			isa = XCConfigurationList;
			buildConfigurations = (
				366C2B6D1D70D6670041D68C /* Debug */,
				366C2B6E1D70D6670041D68C /* Release */,
			);
			defaultConfigurationIsVisible = 0;
			defaultConfigurationName = Release;
		};
/* End XCConfigurationList section */

/* Begin XCVersionGroup section */
		62E2EDAE1D7240A300D0FB48 /* Model.xcdatamodeld */ = {
			isa = XCVersionGroup;
			children = (
				62E2EDAF1D7240A300D0FB48 /* Model.xcdatamodel */,
			);
			currentVersion = 62E2EDAF1D7240A300D0FB48 /* Model.xcdatamodel */;
			path = Model.xcdatamodeld;
			sourceTree = "<group>";
			versionGroupType = wrapper.xcdatamodel;
		};
/* End XCVersionGroup section */
	};
	rootObject = 366C2B441D70D6670041D68C /* Project object */;
}
